# AUTO-GENERATED by scripts/lock_prompts.py — do not edit manually
schema_version: 1
locked_at: '2026-06-23T14:51:23Z'
entries:
- path: .opencode/skills/research-integrity-auditor/SKILL.md
  sha256: f69b0cf537536dd2439e0bdf96f3de84dd860abaa386039b119f225cf7aec839
  size: 10564
- path: configs/opencode/veritas-agent.md
  sha256: 1287d84172c16aa85dad6bd0c2b65d9fb919d9127249b9a94f4218a495b67d16
  size: 6775
- path: configs/opencode/biomed-research-audit-methodology.md
  sha256: 4b07a907492dcc9267d2b7570ed41b4284da36c7d840696d628632fff57dde4e
  size: 1192
- path: configs/methodology/general.md
  sha256: 4122fe023ec9717ede0372de7df9b13eeeac952354d2445684a83279434e0c24
  size: 1998
- path: configs/methodology/source-data.md
  sha256: a8f4d91456030b45806f78c85b7f0c3444884abd42a022e27e3eeb7ab36a6b42
  size: 3845
- path: configs/methodology/biomed-wetlab.md
  sha256: 2a4b69e0dba929cff989a5dbc8fcb1d8d9ed9e35ce1a09afa19a3949c83ceca9
  size: 1488
- path: configs/methodology/bioinfo.md
  sha256: fde6d0bd1086d28bbf88a96694f60a3975a493f035953b568551b8f9152721d3
  size: 1252
- path: configs/methodology/visual-forensics.md
  sha256: ab8ba9eb9cba77feca7e88f7500643fdfec3c3ca0115cc2e89f3caa10a37c2fc
  size: 2520
